
Microsoft Visual Studio Solution File, Format Version 12.00
# Visual Studio 14
VisualStudioVersion = 14.0.23107.0
MinimumVisualStudioVersion = 10.0.40219.1
Project("{FAE04EC0-301F-11D3-BF4B-00C04F79EFBC}") = "Data.Operations", "Data.Operations\Data.Operations.csproj", "{C742A970-C74C-41B0-9E1C-B290E61B348B}"
EndProject
Project("{FAE04EC0-301F-11D3-BF4B-00C04F79EFBC}") = "Data.Operations.Tests", "Data.Operations.Tests\Data.Operations.Tests.csproj", "{5F77C3C2-82D1-4F12-A8A9-C67ED46894B4}"
EndProject
Project("{FAE04EC0-301F-11D3-BF4B-00C04F79EFBC}") = "DemoApplication", "DemoApplication\DemoApplication.csproj", "{54759EEF-B921-4B30-97BC-5C8DEC740E8B}"
EndProject
Project("{FAE04EC0-301F-11D3-BF4B-00C04F79EFBC}") = "DemoApplication.Tests", "DemoApplication.Tests\DemoApplication.Tests.csproj", "{7CF479D5-9DF0-4CBA-A327-4FB310E52A78}"
EndProject
Project("{2150E333-8FDC-42A3-9474-1A3956D46DE8}") = "notice", "notice", "{545559AC-1C14-46E5-AF59-2BB96B74B8B6}"
	ProjectSection(SolutionItems) = preProject
		LICENSE = LICENSE
		README.md = README.md
	EndProjectSection
EndProject
Global
	GlobalSection(SolutionConfigurationPlatforms) = preSolution
		Debug|Any CPU = Debug|Any CPU
		Release|Any CPU = Release|Any CPU
	EndGlobalSection
	GlobalSection(ProjectConfigurationPlatforms) = postSolution
		{C742A970-C74C-41B0-9E1C-B290E61B348B}.Debug|Any CPU.ActiveCfg = Debug|Any CPU
		{C742A970-C74C-41B0-9E1C-B290E61B348B}.Debug|Any CPU.Build.0 = Debug|Any CPU
		{C742A970-C74C-41B0-9E1C-B290E61B348B}.Release|Any CPU.ActiveCfg = Release|Any CPU
		{C742A970-C74C-41B0-9E1C-B290E61B348B}.Release|Any CPU.Build.0 = Release|Any CPU
		{5F77C3C2-82D1-4F12-A8A9-C67ED46894B4}.Debug|Any CPU.ActiveCfg = Debug|Any CPU
		{5F77C3C2-82D1-4F12-A8A9-C67ED46894B4}.Debug|Any CPU.Build.0 = Debug|Any CPU
		{5F77C3C2-82D1-4F12-A8A9-C67ED46894B4}.Release|Any CPU.ActiveCfg = Release|Any CPU
		{5F77C3C2-82D1-4F12-A8A9-C67ED46894B4}.Release|Any CPU.Build.0 = Release|Any CPU
		{54759EEF-B921-4B30-97BC-5C8DEC740E8B}.Debug|Any CPU.ActiveCfg = Debug|Any CPU
		{54759EEF-B921-4B30-97BC-5C8DEC740E8B}.Debug|Any CPU.Build.0 = Debug|Any CPU
		{54759EEF-B921-4B30-97BC-5C8DEC740E8B}.Release|Any CPU.ActiveCfg = Release|Any CPU
		{54759EEF-B921-4B30-97BC-5C8DEC740E8B}.Release|Any CPU.Build.0 = Release|Any CPU
		{7CF479D5-9DF0-4CBA-A327-4FB310E52A78}.Debug|Any CPU.ActiveCfg = Debug|Any CPU
		{7CF479D5-9DF0-4CBA-A327-4FB310E52A78}.Debug|Any CPU.Build.0 = Debug|Any CPU
		{7CF479D5-9DF0-4CBA-A327-4FB310E52A78}.Release|Any CPU.ActiveCfg = Release|Any CPU
		{7CF479D5-9DF0-4CBA-A327-4FB310E52A78}.Release|Any CPU.Build.0 = Release|Any CPU
	EndGlobalSection
	GlobalSection(SolutionProperties) = preSolution
		HideSolutionNode = FALSE
	EndGlobalSection
EndGlobal
